# This file was autogenerated by Stack.
# You should not edit this file by hand.
# For more information, please see the documentation at:
#   https://docs.haskellstack.org/en/stable/lock_files

packages:
- completed:
    hackage: mime-mail-0.5.1@sha256:596938d4b17365129eccda3afe65e357331cfa407b68259252bdf34e5098ccb9,1629
    pantry-tree:
      sha256: 48c6d0cb621810964ca294df7e5c6d17a32b1041376123e3d6f41be107b8e368
      size: 439
  original:
    hackage: mime-mail-0.5.1@sha256:596938d4b17365129eccda3afe65e357331cfa407b68259252bdf34e5098ccb9,1629
- completed:
    hackage: optparse-applicative-0.17.0.0@sha256:0713e54cbb341e5cae979e2ac441eb3a5ff42e303001f432bd58c19e5638bdda,4967
    pantry-tree:
      sha256: 3b4398845ee6718fe2303870a5ab75bd190eb712fed2f22caaae30f790c490fd
      size: 3124
  original:
    hackage: optparse-applicative-0.17.0.0@sha256:0713e54cbb341e5cae979e2ac441eb3a5ff42e303001f432bd58c19e5638bdda,4967
- completed:
    hackage: singletons-3.0.2@sha256:eb9092cb181cb7c055185ab58bc2258477e1f493bcf72021f01d4054250bf7c7,2955
    pantry-tree:
      sha256: daac0894ca9cc35ef59f2cad4ba3cef9cf5a444eb7e3142dd7783b6db2fda564
      size: 713
  original:
    hackage: singletons-3.0.2@sha256:eb9092cb181cb7c055185ab58bc2258477e1f493bcf72021f01d4054250bf7c7,2955
- completed:
    hackage: singletons-base-3.1.1@sha256:d7c1cf5e44f9609b535b1622d59eca3930d2fcdde5cc38b91446c1421a109248,7053
    pantry-tree:
      sha256: 012fa45c6c35cbbacbccf25931ded3c586f32cc4194d98fe61cc1dbaeee810fc
      size: 24949
  original:
    hackage: singletons-base-3.1.1@sha256:d7c1cf5e44f9609b535b1622d59eca3930d2fcdde5cc38b91446c1421a109248,7053
- completed:
    hackage: ansi-wl-pprint-0.6.9@sha256:212144ea0623b1170807a4162db05d87f26cf10b334aeadd0edb377aba06a1ce,2425
    pantry-tree:
      sha256: 0a2390ba39c3b84f68e382cb25b58cea66d61a89dab818bb5e2a6c12642e2e21
      size: 472
  original:
    hackage: ansi-wl-pprint-0.6.9@sha256:212144ea0623b1170807a4162db05d87f26cf10b334aeadd0edb377aba06a1ce,2425
- completed:
    hackage: base64-bytestring-1.2.1.0@sha256:50ec0e229255d4c45cbdd568da011311b8887f304b931564886016f4984334d8,2396
    pantry-tree:
      sha256: 1154783dd163be45502456716ca44c4244d0aa6e7cf1aa4e7763efb3485a509c
      size: 850
  original:
    hackage: base64-bytestring-1.2.1.0@sha256:50ec0e229255d4c45cbdd568da011311b8887f304b931564886016f4984334d8,2396
- completed:
    hackage: blaze-builder-0.4.2.2@sha256:f0017df374c330de0ebe0eb15eae8c48427bddefa1d81a3cb31c0a4812ecdb08,3685
    pantry-tree:
      sha256: 5b6b4f7b1c9ca98bd7cb979849fc9e018b48ef49089c98b2766179b5087695ea
      size: 3102
  original:
    hackage: blaze-builder-0.4.2.2@sha256:f0017df374c330de0ebe0eb15eae8c48427bddefa1d81a3cb31c0a4812ecdb08,3685
- completed:
    hackage: random-1.2.1.1@sha256:dea1f11e5569332dc6c8efaad1cb301016a5587b6754943a49f9de08ae0e56d9,6541
    pantry-tree:
      sha256: 646ee77fe01178837ee928b61ae8653dcf190e9b5353ebebd094079c77a18b76
      size: 1528
  original:
    hackage: random-1.2.1.1@sha256:dea1f11e5569332dc6c8efaad1cb301016a5587b6754943a49f9de08ae0e56d9,6541
- completed:
    hackage: singletons-th-3.1.1@sha256:7c811b9ca86c090b3524754a0d119b2deb1fc5f401a1135a4d9db6a560f96c5a,4589
    pantry-tree:
      sha256: 6b561c418d474a844c83da33e301ba6baacae8a1134dbcfd554afea191ab451a
      size: 2538
  original:
    hackage: singletons-th-3.1.1@sha256:7c811b9ca86c090b3524754a0d119b2deb1fc5f401a1135a4d9db6a560f96c5a,4589
- completed:
    hackage: th-desugar-1.14@sha256:cd074b935106798ed3cf0238ed855a6c53dbaf71cc6c28c39460c752b6269eec,3644
    pantry-tree:
      sha256: d0504ef104f5482401a9d06d0adb1552579e5b6c96903773154a4f058c9e0da8
      size: 1785
  original:
    hackage: th-desugar-1.14@sha256:cd074b935106798ed3cf0238ed855a6c53dbaf71cc6c28c39460c752b6269eec,3644
- completed:
    hackage: transformers-compat-0.7.2@sha256:044fb9955f63ee138fcebedfdcbe54afe741f2d5892a2d0bdf3a8052bd342643,5601
    pantry-tree:
      sha256: f49610c6a2faf82111e5d4222576f4afbcfa904bf56665232c5aa077dfc7578f
      size: 1724
  original:
    hackage: transformers-compat-0.7.2@sha256:044fb9955f63ee138fcebedfdcbe54afe741f2d5892a2d0bdf3a8052bd342643,5601
- completed:
    hackage: ansi-terminal-0.11.3@sha256:cc499d5f4c09a7213cd752ee69dbb5a5b8f3d1c777274e609eea4bca5c68ac8c,3321
    pantry-tree:
      sha256: 71d732f3f95c8ddcebaa7645ff743dd91e680b5b5063e8707ef53d2eaf94c94e
      size: 1461
  original:
    hackage: ansi-terminal-0.11.3@sha256:cc499d5f4c09a7213cd752ee69dbb5a5b8f3d1c777274e609eea4bca5c68ac8c,3321
- completed:
    hackage: ordered-containers-0.2.2@sha256:ebf2be3f592d9cf148ea6b8375f8af97148d44f82d8d04476899285e965afdbf,810
    pantry-tree:
      sha256: 757fd75227afa0107f8eb3ebb467856b1d7456276eb501d510c9b06cb5395fbc
      size: 526
  original:
    hackage: ordered-containers-0.2.2@sha256:ebf2be3f592d9cf148ea6b8375f8af97148d44f82d8d04476899285e965afdbf,810
- completed:
    hackage: splitmix-0.1.0.4@sha256:804e2574bc7e32d08cbab91e47ee6287b4df7d50851d73f9e778f94a9a7814c7,6521
    pantry-tree:
      sha256: b56f706c092dc0ac4875ef45bd18719386358c56667f6b604a733b66f9e4657f
      size: 1519
  original:
    hackage: splitmix-0.1.0.4@sha256:804e2574bc7e32d08cbab91e47ee6287b4df7d50851d73f9e778f94a9a7814c7,6521
- completed:
    hackage: syb-0.7.2.2@sha256:bc800dbd35a17b652082f7f9790fd20d196ea0f44daaa7d5ac46491d8ecc7347,3815
    pantry-tree:
      sha256: 44127e4700ae77043fc6b99c033b805c0c8826135a00a56b6097f8186212ec75
      size: 3396
  original:
    hackage: syb-0.7.2.2@sha256:bc800dbd35a17b652082f7f9790fd20d196ea0f44daaa7d5ac46491d8ecc7347,3815
- completed:
    hackage: th-abstraction-0.4.5.0@sha256:313f8b3c65781310df66ba86518bcf7662b1b419b601afaf72bb977c255fe6e9,2148
    pantry-tree:
      sha256: b89abb8fbe9ba55a8a06db243218e216c2b6ee139fc01d684212fc97a10a5683
      size: 670
  original:
    hackage: th-abstraction-0.4.5.0@sha256:313f8b3c65781310df66ba86518bcf7662b1b419b601afaf72bb977c255fe6e9,2148
- completed:
    hackage: th-lift-0.8.2@sha256:f135f67b018c22889e68b094773273dcf8f9e16fcfa330bf4778f84fce8925e9,2677
    pantry-tree:
      sha256: b1043dc39a4763e79847596f7be723a2638da42cd3a572c25e867845bc60df2e
      size: 543
  original:
    hackage: th-lift-0.8.2@sha256:f135f67b018c22889e68b094773273dcf8f9e16fcfa330bf4778f84fce8925e9,2677
- completed:
    hackage: th-orphans-0.13.14@sha256:dae2c8d3c23fe880dd1e50584ce92f7cbb2da884dfd40bf95d6bb5ac370efb76,2917
    pantry-tree:
      sha256: 5734969c3dcdc471b051dfc90c204716ac821d5fe9737d2546b49d4d17995ae5
      size: 528
  original:
    hackage: th-orphans-0.13.14@sha256:dae2c8d3c23fe880dd1e50584ce92f7cbb2da884dfd40bf95d6bb5ac370efb76,2917
- completed:
    hackage: colour-2.3.6@sha256:ebdcbf15023958838a527e381ab3c3b1e99ed12d1b25efeb7feaa4ad8c37664a,2378
    pantry-tree:
      sha256: 03f8e22f364deb86098dbfbe0bf83c896437b2355f139abdac0402658fb6ac7e
      size: 1183
  original:
    hackage: colour-2.3.6@sha256:ebdcbf15023958838a527e381ab3c3b1e99ed12d1b25efeb7feaa4ad8c37664a,2378
- completed:
    hackage: th-compat-0.1.4@sha256:6ca77c4e80b4e4109e30549c269631a9cc295c8fc2431ce4123972a5f80f7bfc,3135
    pantry-tree:
      sha256: 263eba2c771ba43657c15c4f0b1989d88b92ba6acdba6f854b0dcc97366739f1
      size: 530
  original:
    hackage: th-compat-0.1.4@sha256:6ca77c4e80b4e4109e30549c269631a9cc295c8fc2431ce4123972a5f80f7bfc,3135
- completed:
    hackage: th-reify-many-0.1.10@sha256:1827dcffb0c9f214e9739053fc808683336ea65c3749ff2d6148db189cbbd2a4,1753
    pantry-tree:
      sha256: 3aed327bc5dff9c9c22bb7d1ea3e4e437b9f74face6fc682cefffe462913dfd0
      size: 373
  original:
    hackage: th-reify-many-0.1.10@sha256:1827dcffb0c9f214e9739053fc808683336ea65c3749ff2d6148db189cbbd2a4,1753
- completed:
    hackage: safe-0.3.19@sha256:0910dafb8898f52bde4c646e560228a0fd08b1fca5457f222d2f5c0fad6d2039,2317
    pantry-tree:
      sha256: 40010636c24cebf3f3e29e9b3b8e6c35f249f5e5d253925433140bb0b4e3f891
      size: 564
  original:
    hackage: safe-0.3.19@sha256:0910dafb8898f52bde4c646e560228a0fd08b1fca5457f222d2f5c0fad6d2039,2317
- completed:
    hackage: th-expand-syns-0.4.10.0@sha256:4f0ae7278cf7b4485a37d550463bf8507e7550b93abcb085dc7bf41c3852def8,2130
    pantry-tree:
      sha256: 572868c0f5b15aab460da93f5e1783907e45f17f8804b39ae81d5ef08a89a0a6
      size: 550
  original:
    hackage: th-expand-syns-0.4.10.0@sha256:4f0ae7278cf7b4485a37d550463bf8507e7550b93abcb085dc7bf41c3852def8,2130
snapshots: []
