# This file was autogenerated by Stack.
# You should not edit this file by hand.
# For more information, please see the documentation at:
#   https://docs.haskellstack.org/en/stable/lock_files

packages:
- completed:
    hackage: mime-mail-0.5.1@sha256:596938d4b17365129eccda3afe65e357331cfa407b68259252bdf34e5098ccb9,1629
    pantry-tree:
      sha256: 48c6d0cb621810964ca294df7e5c6d17a32b1041376123e3d6f41be107b8e368
      size: 439
  original:
    hackage: mime-mail-0.5.1@sha256:596938d4b17365129eccda3afe65e357331cfa407b68259252bdf34e5098ccb9,1629
- completed:
    hackage: optparse-applicative-0.17.0.0@sha256:0713e54cbb341e5cae979e2ac441eb3a5ff42e303001f432bd58c19e5638bdda,4967
    pantry-tree:
      sha256: 3b4398845ee6718fe2303870a5ab75bd190eb712fed2f22caaae30f790c490fd
      size: 3124
  original:
    hackage: optparse-applicative-0.17.0.0@sha256:0713e54cbb341e5cae979e2ac441eb3a5ff42e303001f432bd58c19e5638bdda,4967
- completed:
    hackage: singletons-3.0.2@sha256:eb9092cb181cb7c055185ab58bc2258477e1f493bcf72021f01d4054250bf7c7,2955
    pantry-tree:
      sha256: daac0894ca9cc35ef59f2cad4ba3cef9cf5a444eb7e3142dd7783b6db2fda564
      size: 713
  original:
    hackage: singletons-3.0.2@sha256:eb9092cb181cb7c055185ab58bc2258477e1f493bcf72021f01d4054250bf7c7,2955
- completed:
    hackage: singletons-base-3.1.1@sha256:d7c1cf5e44f9609b535b1622d59eca3930d2fcdde5cc38b91446c1421a109248,7053
    pantry-tree:
      sha256: 012fa45c6c35cbbacbccf25931ded3c586f32cc4194d98fe61cc1dbaeee810fc
      size: 24949
  original:
    hackage: singletons-base-3.1.1@sha256:d7c1cf5e44f9609b535b1622d59eca3930d2fcdde5cc38b91446c1421a109248,7053
- completed:
    hackage: ansi-wl-pprint-0.6.9@sha256:212144ea0623b1170807a4162db05d87f26cf10b334aeadd0edb377aba06a1ce,2425
    pantry-tree:
      sha256: 0a2390ba39c3b84f68e382cb25b58cea66d61a89dab818bb5e2a6c12642e2e21
      size: 472
  original:
    hackage: ansi-wl-pprint-0.6.9@sha256:212144ea0623b1170807a4162db05d87f26cf10b334aeadd0edb377aba06a1ce,2425
- completed:
    hackage: base64-bytestring-1.2.1.0@sha256:50ec0e229255d4c45cbdd568da011311b8887f304b931564886016f4984334d8,2396
    pantry-tree:
      sha256: 1154783dd163be45502456716ca44c4244d0aa6e7cf1aa4e7763efb3485a509c
      size: 850
  original:
    hackage: base64-bytestring-1.2.1.0@sha256:50ec0e229255d4c45cbdd568da011311b8887f304b931564886016f4984334d8,2396
- completed:
    hackage: blaze-builder-0.4.2.2@sha256:f0017df374c330de0ebe0eb15eae8c48427bddefa1d81a3cb31c0a4812ecdb08,3685
    pantry-tree:
      sha256: 5b6b4f7b1c9ca98bd7cb979849fc9e018b48ef49089c98b2766179b5087695ea
      size: 3102
  original:
    hackage: blaze-builder-0.4.2.2@sha256:f0017df374c330de0ebe0eb15eae8c48427bddefa1d81a3cb31c0a4812ecdb08,3685
- completed:
    hackage: random-1.2.1.1@sha256:dea1f11e5569332dc6c8efaad1cb301016a5587b6754943a49f9de08ae0e56d9,6541
    pantry-tree:
      sha256: 646ee77fe01178837ee928b61ae8653dcf190e9b5353ebebd094079c77a18b76
      size: 1528
  original:
    hackage: random-1.2.1.1@sha256:dea1f11e5569332dc6c8efaad1cb301016a5587b6754943a49f9de08ae0e56d9,6541
- completed:
    hackage: singletons-th-3.1.1@sha256:7c811b9ca86c090b3524754a0d119b2deb1fc5f401a1135a4d9db6a560f96c5a,4589
    pantry-tree:
      sha256: 6b561c418d474a844c83da33e301ba6baacae8a1134dbcfd554afea191ab451a
      size: 2538
  original:
    hackage: singletons-th-3.1.1@sha256:7c811b9ca86c090b3524754a0d119b2deb1fc5f401a1135a4d9db6a560f96c5a,4589
- completed:
    hackage: th-desugar-1.14@sha256:cd074b935106798ed3cf0238ed855a6c53dbaf71cc6c28c39460c752b6269eec,3644
    pantry-tree:
      sha256: d0504ef104f5482401a9d06d0adb1552579e5b6c96903773154a4f058c9e0da8
      size: 1785
  original:
    hackage: th-desugar-1.14@sha256:cd074b935106798ed3cf0238ed855a6c53dbaf71cc6c28c39460c752b6269eec,3644
- completed:
    hackage: transformers-compat-0.7.2@sha256:044fb9955f63ee138fcebedfdcbe54afe741f2d5892a2d0bdf3a8052bd342643,5601
    pantry-tree:
      sha256: f49610c6a2faf82111e5d4222576f4afbcfa904bf56665232c5aa077dfc7578f
      size: 1724
  original:
    hackage: transformers-compat-0.7.2@sha256:044fb9955f63ee138fcebedfdcbe54afe741f2d5892a2d0bdf3a8052bd342643,5601
- completed:
    hackage: ansi-terminal-0.11.3@sha256:cc499d5f4c09a7213cd752ee69dbb5a5b8f3d1c777274e609eea4bca5c68ac8c,3321
    pantry-tree:
      sha256: 71d732f3f95c8ddcebaa7645ff743dd91e680b5b5063e8707ef53d2eaf94c94e
      size: 1461
  original:
    hackage: ansi-terminal-0.11.3@sha256:cc499d5f4c09a7213cd752ee69dbb5a5b8f3d1c777274e609eea4bca5c68ac8c,3321
- completed:
    hackage: ordered-containers-0.2.2@sha256:ebf2be3f592d9cf148ea6b8375f8af97148d44f82d8d04476899285e965afdbf,810
    pantry-tree:
      sha256: 757fd75227afa0107f8eb3ebb467856b1d7456276eb501d510c9b06cb5395fbc
      size: 526
  original:
    hackage: ordered-containers-0.2.2@sha256:ebf2be3f592d9cf148ea6b8375f8af97148d44f82d8d04476899285e965afdbf,810
- completed:
    hackage: splitmix-0.1.0.4@sha256:804e2574bc7e32d08cbab91e47ee6287b4df7d50851d73f9e778f94a9a7814c7,6521
    pantry-tree:
      sha256: b56f706c092dc0ac4875ef45bd18719386358c56667f6b604a733b66f9e4657f
      size: 1519
  original:
    hackage: splitmix-0.1.0.4@sha256:804e2574bc7e32d08cbab91e47ee6287b4df7d50851d73f9e778f94a9a7814c7,6521
- completed:
    hackage: syb-0.7.2.2@sha256:bc800dbd35a17b652082f7f9790fd20d196ea0f44daaa7d5ac46491d8ecc7347,3815
    pantry-tree:
      sha256: 44127e4700ae77043fc6b99c033b805c0c8826135a00a56b6097f8186212ec75
      size: 3396
  original:
    hackage: syb-0.7.2.2@sha256:bc800dbd35a17b652082f7f9790fd20d196ea0f44daaa7d5ac46491d8ecc7347,3815
- completed:
    hackage: th-abstraction-0.4.5.0@sha256:313f8b3c65781310df66ba86518bcf7662b1b419b601afaf72bb977c255fe6e9,2148
    pantry-tree:
      sha256: b89abb8fbe9ba55a8a06db243218e216c2b6ee139fc01d684212fc97a10a5683
      size: 670
  original:
    hackage: th-abstraction-0.4.5.0@sha256:313f8b3c65781310df66ba86518bcf7662b1b419b601afaf72bb977c255fe6e9,2148
- completed:
    hackage: th-lift-0.8.2@sha256:f135f67b018c22889e68b094773273dcf8f9e16fcfa330bf4778f84fce8925e9,2677
    pantry-tree:
      sha256: b1043dc39a4763e79847596f7be723a2638da42cd3a572c25e867845bc60df2e
      size: 543
  original:
    hackage: th-lift-0.8.2@sha256:f135f67b018c22889e68b094773273dcf8f9e16fcfa330bf4778f84fce8925e9,2677
- completed:
    hackage: th-orphans-0.13.14@sha256:dae2c8d3c23fe880dd1e50584ce92f7cbb2da884dfd40bf95d6bb5ac370efb76,2917
    pantry-tree:
      sha256: 5734969c3dcdc471b051dfc90c204716ac821d5fe9737d2546b49d4d17995ae5
      size: 528
  original:
    hackage: th-orphans-0.13.14@sha256:dae2c8d3c23fe880dd1e50584ce92f7cbb2da884dfd40bf95d6bb5ac370efb76,2917
- completed:
    hackage: colour-2.3.6@sha256:ebdcbf15023958838a527e381ab3c3b1e99ed12d1b25efeb7feaa4ad8c37664a,2378
    pantry-tree:
      sha256: 03f8e22f364deb86098dbfbe0bf83c896437b2355f139abdac0402658fb6ac7e
      size: 1183
  original:
    hackage: colour-2.3.6@sha256:ebdcbf15023958838a527e381ab3c3b1e99ed12d1b25efeb7feaa4ad8c37664a,2378
- completed:
    hackage: th-compat-0.1.4@sha256:6ca77c4e80b4e4109e30549c269631a9cc295c8fc2431ce4123972a5f80f7bfc,3135
    pantry-tree:
      sha256: 263eba2c771ba43657c15c4f0b1989d88b92ba6acdba6f854b0dcc97366739f1
      size: 530
  original:
    hackage: th-compat-0.1.4@sha256:6ca77c4e80b4e4109e30549c269631a9cc295c8fc2431ce4123972a5f80f7bfc,3135
- completed:
    hackage: th-reify-many-0.1.10@sha256:1827dcffb0c9f214e9739053fc808683336ea65c3749ff2d6148db189cbbd2a4,1753
    pantry-tree:
      sha256: 3aed327bc5dff9c9c22bb7d1ea3e4e437b9f74face6fc682cefffe462913dfd0
      size: 373
  original:
    hackage: th-reify-many-0.1.10@sha256:1827dcffb0c9f214e9739053fc808683336ea65c3749ff2d6148db189cbbd2a4,1753
- completed:
    hackage: safe-0.3.19@sha256:0910dafb8898f52bde4c646e560228a0fd08b1fca5457f222d2f5c0fad6d2039,2317
    pantry-tree:
      sha256: 40010636c24cebf3f3e29e9b3b8e6c35f249f5e5d253925433140bb0b4e3f891
      size: 564
  original:
    hackage: safe-0.3.19@sha256:0910dafb8898f52bde4c646e560228a0fd08b1fca5457f222d2f5c0fad6d2039,2317
- completed:
    hackage: th-expand-syns-0.4.10.0@sha256:4f0ae7278cf7b4485a37d550463bf8507e7550b93abcb085dc7bf41c3852def8,2130
    pantry-tree:
      sha256: 572868c0f5b15aab460da93f5e1783907e45f17f8804b39ae81d5ef08a89a0a6
      size: 550
  original:
    hackage: th-expand-syns-0.4.10.0@sha256:4f0ae7278cf7b4485a37d550463bf8507e7550b93abcb085dc7bf41c3852def8,2130
- completed:
    hackage: lens-5.2@sha256:06029d80a926c466ae7e59e7e41f114e1f437526f776d022a8d0e19a6dc14576,14519
    pantry-tree:
      sha256: 4f7471aa8889560765270704888f0294339cff4b9393e4a9f1603a655e85f28b
      size: 8214
  original:
    hackage: lens-5.2@sha256:06029d80a926c466ae7e59e7e41f114e1f437526f776d022a8d0e19a6dc14576,14519
- completed:
    hackage: assoc-1.0.2@sha256:93b8d43aa081e4205116a139f7cf690f608968161d19ebfb23d884d19b082b57,1253
    pantry-tree:
      sha256: 75f4b3f498c9e1c9c2ea31be90be580231b55ed7a5002a505fae13aeaed2d3d4
      size: 290
  original:
    hackage: assoc-1.0.2@sha256:93b8d43aa081e4205116a139f7cf690f608968161d19ebfb23d884d19b082b57,1253
- completed:
    hackage: base-orphans-0.8.7@sha256:58d5514b688ec037f53b9d60097b9d87f6b3847da68f65124987d67222c3a334,3175
    pantry-tree:
      sha256: b2433cf19ebc5696130ecf39a3ed756cdb00fd508423643b0cdd6f125c9803da
      size: 1272
  original:
    hackage: base-orphans-0.8.7@sha256:58d5514b688ec037f53b9d60097b9d87f6b3847da68f65124987d67222c3a334,3175
- completed:
    hackage: bifunctors-5.5.13@sha256:66f1c1d0cba5de9d8810e2ef0be700b98d3689482f605cc46a69283e92a60840,3794
    pantry-tree:
      sha256: 7128056f2530608c7cb2ad331c577ed03df1ab84bed09dddc8b0e043d010ced6
      size: 1758
  original:
    hackage: bifunctors-5.5.13@sha256:66f1c1d0cba5de9d8810e2ef0be700b98d3689482f605cc46a69283e92a60840,3794
- completed:
    hackage: call-stack-0.4.0@sha256:ac44d2c00931dc20b01750da8c92ec443eb63a7231e8550188cb2ac2385f7feb,1200
    pantry-tree:
      sha256: 04134fa69cdd824b4e4bb7f77e7173e0705f27deabdbbf99549c549400191e1e
      size: 501
  original:
    hackage: call-stack-0.4.0@sha256:ac44d2c00931dc20b01750da8c92ec443eb63a7231e8550188cb2ac2385f7feb,1200
- completed:
    hackage: comonad-5.0.8@sha256:1f1aabd73ec7f80f20cf078a748a60cd48d8e57277802fdf6a9ab3601a9b8f7e,3631
    pantry-tree:
      sha256: 394660fe7fa4127e5a181890bce28b9fcd6eb180ba25aa5566bc8b5bdd385517
      size: 1618
  original:
    hackage: comonad-5.0.8@sha256:1f1aabd73ec7f80f20cf078a748a60cd48d8e57277802fdf6a9ab3601a9b8f7e,3631
- completed:
    hackage: contravariant-1.5.5@sha256:470ed0e040e879e2da4af1b2c8f94e199f6135852a8107858d5ae0a95365835f,3041
    pantry-tree:
      sha256: 9eb62fea28548dc8a0f60fd47c12843092b78b24ed771b8ad63a0bb34dba8bc4
      size: 652
  original:
    hackage: contravariant-1.5.5@sha256:470ed0e040e879e2da4af1b2c8f94e199f6135852a8107858d5ae0a95365835f,3041
- completed:
    hackage: distributive-0.6.2.1@sha256:0f99f5541cca04acf89b64432b03422b6408e830a8dff30e6c4334ef1a48680c,2996
    pantry-tree:
      sha256: a42bed5fe0ba295643538312dee6c9436314c05a6f7efdd32b4303979f8bd744
      size: 735
  original:
    hackage: distributive-0.6.2.1@sha256:0f99f5541cca04acf89b64432b03422b6408e830a8dff30e6c4334ef1a48680c,2996
- completed:
    hackage: free-5.1.9@sha256:f4cef1f00b5686b4c93a4ed2306ebfa8fe27c5bd10adb8c57dfaf86f3bf3768c,5168
    pantry-tree:
      sha256: b3e50f71d8775e3ca1c174874db3737ff6538d34c5b69a4787281b668e6d1457
      size: 3308
  original:
    hackage: free-5.1.9@sha256:f4cef1f00b5686b4c93a4ed2306ebfa8fe27c5bd10adb8c57dfaf86f3bf3768c,5168
- completed:
    hackage: hashable-1.4.1.0@sha256:50b2f002c68fe67730ee7a3cd8607486197dd99b084255005ad51ecd6970a41b,5019
    pantry-tree:
      sha256: 9af2f7a42674f7effcabbebc043f97057240783f1709338a77f58216f4a5f18c
      size: 1248
  original:
    hackage: hashable-1.4.1.0@sha256:50b2f002c68fe67730ee7a3cd8607486197dd99b084255005ad51ecd6970a41b,5019
- completed:
    hackage: indexed-traversable-0.1.2@sha256:52a1b708abd921f91a5977f6ae53c4aa2b33f7c30be0fff17173f658b34c5350,2533
    pantry-tree:
      sha256: 0bedadc62cad982ab85dc4d57ca7cf353b526a46fd203addd9bf8b7cf0136c25
      size: 495
  original:
    hackage: indexed-traversable-0.1.2@sha256:52a1b708abd921f91a5977f6ae53c4aa2b33f7c30be0fff17173f658b34c5350,2533
- completed:
    hackage: indexed-traversable-instances-0.1.1.1@sha256:04b9fac300cde96de9aaaa0c4237a85045308d0bd4ba360e318febf34ec0bd3a,2500
    pantry-tree:
      sha256: 957ca9aa7da9cb4af25707eabb4b16297f6dc60ad75e5d1a5a93e08c4b28094f
      size: 366
  original:
    hackage: indexed-traversable-instances-0.1.1.1@sha256:04b9fac300cde96de9aaaa0c4237a85045308d0bd4ba360e318febf34ec0bd3a,2500
- completed:
    hackage: kan-extensions-5.2.5@sha256:6c67ff1ee6426461175619c350e99c189ded30490f795b8327d3a2275f0c551d,2950
    pantry-tree:
      sha256: b8784ccdde49cec7782f6492ef3fa4055052e598ac175e741dbaa172b5028864
      size: 1421
  original:
    hackage: kan-extensions-5.2.5@sha256:6c67ff1ee6426461175619c350e99c189ded30490f795b8327d3a2275f0c551d,2950
- completed:
    hackage: parallel-3.2.2.0@sha256:6edd5a06938cea3d28b406d5231683f89737e854af144a8800aa69e1eee785e0,1821
    pantry-tree:
      sha256: 6ec36425356925d6d9042769a29ab4ec2aa69c2a7161c49ff18a9a77c1d957b1
      size: 392
  original:
    hackage: parallel-3.2.2.0@sha256:6edd5a06938cea3d28b406d5231683f89737e854af144a8800aa69e1eee785e0,1821
- completed:
    hackage: profunctors-5.6.2@sha256:3d3685119243a7ebf984fa6af03299d156ab7674a432e2e15ecee2a4fd420fb6,2483
    pantry-tree:
      sha256: 2a839845b75d600ab5a51c582a740de87805f794caa5836b6a16250d9b535789
      size: 1588
  original:
    hackage: profunctors-5.6.2@sha256:3d3685119243a7ebf984fa6af03299d156ab7674a432e2e15ecee2a4fd420fb6,2483
- completed:
    hackage: reflection-2.1.6@sha256:f41afef54a696377bb7591e12969a56e7a4a1cf1d2a32210ab24c6a7aa9bd7ae,4116
    pantry-tree:
      sha256: 3d40dd538ec28c67f9c08c69199d6c4848cf9d0898092d45add9d006f00d788c
      size: 1062
  original:
    hackage: reflection-2.1.6@sha256:f41afef54a696377bb7591e12969a56e7a4a1cf1d2a32210ab24c6a7aa9bd7ae,4116
- completed:
    hackage: semigroupoids-5.3.7@sha256:fb1a86c250997c269106645724a67bc358235245cf385b589f855ac070d4ada0,7488
    pantry-tree:
      sha256: 1ddbcc4c07bb3a195e718ecd432caa37f9b25c4d4b3fe270d16f480a3d925c4a
      size: 2404
  original:
    hackage: semigroupoids-5.3.7@sha256:fb1a86c250997c269106645724a67bc358235245cf385b589f855ac070d4ada0,7488
- completed:
    hackage: strict-0.4.0.1@sha256:d6205a748eb8db4cd17a7179be970c94598809709294ccfa43159c7f3cc4bf5d,4187
    pantry-tree:
      sha256: 2a8171b3ff2960552163a6e1dbb640b83e049f22a5b7764cc27c0941334496bd
      size: 654
  original:
    hackage: strict-0.4.0.1@sha256:d6205a748eb8db4cd17a7179be970c94598809709294ccfa43159c7f3cc4bf5d,4187
- completed:
    hackage: tagged-0.8.6.1@sha256:8a24aef29b8e35447ccc56658ea07c2aded30bfa8130ea057e382936e17c74a6,2874
    pantry-tree:
      sha256: 38c9b55d6918304b17a6c70a51ad9d981e9f64e08121482d9a801d4e4681a7db
      size: 496
  original:
    hackage: tagged-0.8.6.1@sha256:8a24aef29b8e35447ccc56658ea07c2aded30bfa8130ea057e382936e17c74a6,2874
- completed:
    hackage: these-1.1.1.1@sha256:2991c13e264b0c35c696c8f5f85c428c53bc42e93b1dfbd19a582052112d948a,2748
    pantry-tree:
      sha256: 5063da27208998081b81011c0f1d72303b17f343221aac1867d3d9771539f817
      size: 351
  original:
    hackage: these-1.1.1.1@sha256:2991c13e264b0c35c696c8f5f85c428c53bc42e93b1dfbd19a582052112d948a,2748
- completed:
    hackage: unordered-containers-0.2.19.1@sha256:db11042bb0356c0adea277d0794743829125b4c99455af6af2bd5f7bd5e88a39,3797
    pantry-tree:
      sha256: ac7a077274515b8afdf98138177b2fd2293c8bb346c5ec5caf2c5999da495112
      size: 1517
  original:
    hackage: unordered-containers-0.2.19.1@sha256:db11042bb0356c0adea277d0794743829125b4c99455af6af2bd5f7bd5e88a39,3797
- completed:
    hackage: vector-0.13.0.0@sha256:54528e95501742b99462cc543891f21177e7db34d960ce8e3cbb25afb16a9c89,9112
    pantry-tree:
      sha256: 70b31fa3803fc53ff469beba9e5022e92f6704e9b0ece953a0373b35ef09ca4d
      size: 4092
  original:
    hackage: vector-0.13.0.0@sha256:54528e95501742b99462cc543891f21177e7db34d960ce8e3cbb25afb16a9c89,9112
- completed:
    hackage: OneTuple-0.3.1@sha256:fc32cb744477befa450a538ea4975cc523f0a2f1585cb5a36e9936a3d18e9a3c,2276
    pantry-tree:
      sha256: a45de98364d5a128ffcc07a05f2f3dd0befee311c7e106bc86dc87548288bc6b
      size: 506
  original:
    hackage: OneTuple-0.3.1@sha256:fc32cb744477befa450a538ea4975cc523f0a2f1585cb5a36e9936a3d18e9a3c,2276
- completed:
    hackage: StateVar-1.2.2@sha256:3c022c00485fe165e3080d5da6b3ca9c9b02f62c5deebc584d1b3d1309ce673e,1673
    pantry-tree:
      sha256: 204cac98219e99334f47b12c565945611748ea03a4d629273dd697d738bcfd7f
      size: 314
  original:
    hackage: StateVar-1.2.2@sha256:3c022c00485fe165e3080d5da6b3ca9c9b02f62c5deebc584d1b3d1309ce673e,1673
- completed:
    hackage: adjunctions-4.4.2@sha256:4c6fb647f522c46c0af513f705dab1d890860e536e0405c78389d425296ac0b4,3250
    pantry-tree:
      sha256: 3d0c6cdd79e0e8f6bc1da404c33d05d8e8c7646e32630afcd02ccd603bb9786e
      size: 1391
  original:
    hackage: adjunctions-4.4.2@sha256:4c6fb647f522c46c0af513f705dab1d890860e536e0405c78389d425296ac0b4,3250
- completed:
    hackage: invariant-0.6@sha256:67ecd31a36c3a9a686a8bee9dbee5a395a4c68b758262413c0355bae03a5a114,3563
    pantry-tree:
      sha256: 891bd4f57f67034760437dd19387122b236f1141151ed8f62682b3088ad85e20
      size: 650
  original:
    hackage: invariant-0.6@sha256:67ecd31a36c3a9a686a8bee9dbee5a395a4c68b758262413c0355bae03a5a114,3563
- completed:
    hackage: primitive-0.7.4.0@sha256:89b88a3e08493b7727fa4089b0692bfbdf7e1e666ef54635f458644eb8358764,2857
    pantry-tree:
      sha256: 71a850c658b70e869da19f61615d87d9d6ecec597f0e3d4b498da56559114829
      size: 1655
  original:
    hackage: primitive-0.7.4.0@sha256:89b88a3e08493b7727fa4089b0692bfbdf7e1e666ef54635f458644eb8358764,2857
- completed:
    hackage: transformers-base-0.4.6@sha256:6f18f320e371c8954c4b6b211e2fdd5d15a6d6310bd605b9d640f47ede408961,1643
    pantry-tree:
      sha256: 6c2d24a9678865e2a5f4b6286cb17228673a6987fb546bf07b89ffbd19716ad2
      size: 275
  original:
    hackage: transformers-base-0.4.6@sha256:6f18f320e371c8954c4b6b211e2fdd5d15a6d6310bd605b9d640f47ede408961,1643
- completed:
    hackage: vector-stream-0.1.0.0@sha256:09b0f8dc4e51936b9d6b04791f0aa03f7c9759b5fb7140eac8a9461cda1e55a3,1404
    pantry-tree:
      sha256: 3753f1a0a0889a87e185a5a4537f6cf6f0dea1b71b8b2655c016dddcc2519fea
      size: 325
  original:
    hackage: vector-stream-0.1.0.0@sha256:09b0f8dc4e51936b9d6b04791f0aa03f7c9759b5fb7140eac8a9461cda1e55a3,1404
- completed:
    hackage: semigroups-0.20@sha256:925341e6f7eb104cb490bef06eab93bb7995c7c67c51ee938185a2ddefa7aaf2,6333
    pantry-tree:
      sha256: d4d3f0b32a68cf8808fcb8d2de117ab9ec09dbfec93a297aa3d386ca79a0fe05
      size: 481
  original:
    hackage: semigroups-0.20@sha256:925341e6f7eb104cb490bef06eab93bb7995c7c67c51ee938185a2ddefa7aaf2,6333
- completed:
    hackage: void-0.7.3@sha256:13d30f62fcdf065e595d679d4ac8b4b0c1bb1a1b73db7b5b5a8f857cb5c8a546,1857
    pantry-tree:
      sha256: 5730b45e857424c97d24ee1cf530be1fc782cd000221ac97b5568be886cbbc2b
      size: 584
  original:
    hackage: void-0.7.3@sha256:13d30f62fcdf065e595d679d4ac8b4b0c1bb1a1b73db7b5b5a8f857cb5c8a546,1857
- completed:
    hackage: turtle-1.6.1@sha256:4bde66584e79e8ac455f5cf7d87c2761de904c62ede83f6529486534679a90f4,5246
    pantry-tree:
      sha256: e4f49ba24c1c43405fdb5e1ee7a39f17f01c1ebc950c6358055ea0052ffb2f13
      size: 1180
  original:
    hackage: turtle-1.6.1@sha256:4bde66584e79e8ac455f5cf7d87c2761de904c62ede83f6529486534679a90f4,5246
- completed:
    hackage: async-2.2.4@sha256:2b9409023536823233ce3134558565d01b3382e651fa54ac8cb8a99967e023c9,3095
    pantry-tree:
      sha256: c0ae9bb497eb1ba805d811b2a77f058301b092c6a4a733673fda9d9a85e8ba05
      size: 501
  original:
    hackage: async-2.2.4@sha256:2b9409023536823233ce3134558565d01b3382e651fa54ac8cb8a99967e023c9,3095
- completed:
    hackage: clock-0.8.3@sha256:a692159828c2cd278eaec317b3a7e9fb6d7b787c8a19f086004d15d9fa1fd72c,4601
    pantry-tree:
      sha256: 3e62393d5c7671b21d8aa84ef9ee0550334053711c80b5beeca295466a6615c7
      size: 499
  original:
    hackage: clock-0.8.3@sha256:a692159828c2cd278eaec317b3a7e9fb6d7b787c8a19f086004d15d9fa1fd72c,4601
- completed:
    hackage: foldl-1.4.12@sha256:64cbfdfeb1dd734ae9222e385fac74500144368d22c5e7453f2dfafc0b9a27ad,2682
    pantry-tree:
      sha256: e3772165511af5bf27c374c1c76d8fc450da9ea0d9e57b1859e79c8bea1c3cc7
      size: 959
  original:
    hackage: foldl-1.4.12@sha256:64cbfdfeb1dd734ae9222e385fac74500144368d22c5e7453f2dfafc0b9a27ad,2682
- completed:
    hackage: hostname-1.0@sha256:8203b6ecd14ca1ef12f73a471b0a6a4be3ad4568d8b84f2bc4bc9e0abb8c4153,813
    pantry-tree:
      sha256: 962f3607627035d8da35d0073170e75e736adcc6919a3d96669cbe28bf19468b
      size: 212
  original:
    hackage: hostname-1.0@sha256:8203b6ecd14ca1ef12f73a471b0a6a4be3ad4568d8b84f2bc4bc9e0abb8c4153,813
- completed:
    hackage: managed-1.0.9@sha256:47c8687e22c54787b35903adedbcd3b1fa1b7de23d393ac585cb005d9a88d0c2,1748
    pantry-tree:
      sha256: 5f96a3e3ac4cefc5d8d50e116a7e658fc9989d262bd46b258715d34bc343c8b6
      size: 294
  original:
    hackage: managed-1.0.9@sha256:47c8687e22c54787b35903adedbcd3b1fa1b7de23d393ac585cb005d9a88d0c2,1748
- completed:
    hackage: optional-args-1.0.2@sha256:6728c0a5815c40361e2c9cd17646fdf588d7bd8f2c922b22340a8b49450272b8,892
    pantry-tree:
      sha256: 02c3cef4635be756bfd4a013118f695ecf9b093607fc5066550d2012f2770210
      size: 217
  original:
    hackage: optional-args-1.0.2@sha256:6728c0a5815c40361e2c9cd17646fdf588d7bd8f2c922b22340a8b49450272b8,892
- completed:
    hackage: streaming-commons-0.2.2.4@sha256:cda37e6d0320ef05160bac35c180b3e980f9267bf00393af6578a632f1ea8429,4751
    pantry-tree:
      sha256: 711456a76d9decbb1a18111503b20b2613ad0fcbd1da0d35f7e74ca406317b68
      size: 2947
  original:
    hackage: streaming-commons-0.2.2.4@sha256:cda37e6d0320ef05160bac35c180b3e980f9267bf00393af6578a632f1ea8429,4751
- completed:
    hackage: temporary-1.3@sha256:3a66c136f700dbf42f3c5000ca93e80b26dead51e54322c83272b236c1ec8ef1,1485
    pantry-tree:
      sha256: 5bfb8569e9c83e1b17604fc4375b5efd280f28146a7c42524f13a986f5a3bbc5
      size: 318
  original:
    hackage: temporary-1.3@sha256:3a66c136f700dbf42f3c5000ca93e80b26dead51e54322c83272b236c1ec8ef1,1485
- completed:
    hackage: unix-compat-0.6@sha256:db47d4ad77f3f865d162a531d9b759ed30e2722710a8358aa6df1d3fcf83f552,3569
    pantry-tree:
      sha256: 530668be5ded77879c925433ec40e1e4f4a9113a8527410f8f282d3cf92eb950
      size: 1267
  original:
    hackage: unix-compat-0.6@sha256:db47d4ad77f3f865d162a531d9b759ed30e2722710a8358aa6df1d3fcf83f552,3569
- completed:
    hackage: network-3.1.2.7@sha256:e3d78b13db9512aeb106e44a334ab42b7aa48d26c097299084084cb8be5c5568,4888
    pantry-tree:
      sha256: 1981a732d1917213de7f51d26255af733a61918c59eebb6c6f6ca939856839ef
      size: 3971
  original:
    hackage: network-3.1.2.7@sha256:e3d78b13db9512aeb106e44a334ab42b7aa48d26c097299084084cb8be5c5568,4888
- completed:
    hackage: zlib-0.6.3.0@sha256:8214a9d37580f17f8b675109578a5dbe6853559eef156e34dc2233f1123ace33,5216
    pantry-tree:
      sha256: 87b7fd16379d679eb01d9fae78b4db97356d301fce4a040ba9e690d16eeb98b2
      size: 2622
  original:
    hackage: zlib-0.6.3.0@sha256:8214a9d37580f17f8b675109578a5dbe6853559eef156e34dc2233f1123ace33,5216
snapshots: []
